{
  "version": 4,
  "terraform_version": "0.13.5",
  "serial": 21,
  "lineage": "7ff4ad0d-a95c-a32a-3fab-a275cbe44cd9",
  "outputs": {
    "VM_Public_IPs": {
      "value": {
        "i-00c29fcd1da543bba": "34.200.220.20",
        "i-0ce3768da8dc687f8": "3.235.84.77"
      },
      "type": [
        "object",
        {
          "i-00c29fcd1da543bba": "string",
          "i-0ce3768da8dc687f8": "string"
        }
      ]
    }
  },
  "resources": [
    {
      "module": "module.openshift_install",
      "mode": "data",
      "type": "aws_ami",
      "name": "ubuntu",
      "provider": "module.openshift_install.provider[\"registry.terraform.io/hashicorp/aws\"]",
      "instances": [
        {
          "schema_version": 0,
          "attributes": {
            "architecture": "x86_64",
            "arn": "arn:aws:ec2:us-east-1::image/ami-013f17f36f8b1fefb",
            "block_device_mappings": [
              {
                "device_name": "/dev/sda1",
                "ebs": {
                  "delete_on_termination": "true",
                  "encrypted": "false",
                  "iops": "0",
                  "snapshot_id": "snap-0b81f678dae94abd5",
                  "volume_size": "8",
                  "volume_type": "gp2"
                },
                "no_device": "",
                "virtual_name": ""
              },
              {
                "device_name": "/dev/sdb",
                "ebs": {},
                "no_device": "",
                "virtual_name": "ephemeral0"
              },
              {
                "device_name": "/dev/sdc",
                "ebs": {},
                "no_device": "",
                "virtual_name": "ephemeral1"
              }
            ],
            "creation_date": "2021-02-26T15:40:51.000Z",
            "description": "Canonical, Ubuntu, 18.04 LTS, amd64 bionic image build on 2021-02-24",
            "executable_users": null,
            "filter": [
              {
                "name": "name",
                "values": [
                  "ubuntu/images/hvm-ssd/ubuntu-bionic-18.04-amd64-server-*"
                ]
              },
              {
                "name": "virtualization-type",
                "values": [
                  "hvm"
                ]
              }
            ],
            "hypervisor": "xen",
            "id": "ami-013f17f36f8b1fefb",
            "image_id": "ami-013f17f36f8b1fefb",
            "image_location": "099720109477/ubuntu/images/hvm-ssd/ubuntu-bionic-18.04-amd64-server-20210224",
            "image_owner_alias": null,
            "image_type": "machine",
            "kernel_id": null,
            "most_recent": true,
            "name": "ubuntu/images/hvm-ssd/ubuntu-bionic-18.04-amd64-server-20210224",
            "name_regex": null,
            "owner_id": "099720109477",
            "owners": [
              "099720109477"
            ],
            "platform": null,
            "product_codes": [],
            "public": true,
            "ramdisk_id": null,
            "root_device_name": "/dev/sda1",
            "root_device_type": "ebs",
            "root_snapshot_id": "snap-0b81f678dae94abd5",
            "sriov_net_support": "simple",
            "state": "available",
            "state_reason": {
              "code": "UNSET",
              "message": "UNSET"
            },
            "tags": {},
            "virtualization_type": "hvm"
          }
        }
      ]
    },
    {
      "module": "module.openshift_install",
      "mode": "managed",
      "type": "aws_instance",
      "name": "sm-terraform1-ec2",
      "provider": "module.openshift_install.provider[\"registry.terraform.io/hashicorp/aws\"]",
      "instances": [
        {
          "index_key": 0,
          "schema_version": 1,
          "attributes": {
            "ami": "ami-013f17f36f8b1fefb",
            "arn": "arn:aws:ec2:us-east-1:970521514580:instance/i-0ce3768da8dc687f8",
            "associate_public_ip_address": true,
            "availability_zone": "us-east-1d",
            "cpu_core_count": 1,
            "cpu_threads_per_core": 1,
            "credit_specification": [
              {
                "cpu_credits": "standard"
              }
            ],
            "disable_api_termination": false,
            "ebs_block_device": [],
            "ebs_optimized": false,
            "ephemeral_block_device": [],
            "get_password_data": false,
            "hibernation": false,
            "host_id": null,
            "iam_instance_profile": "",
            "id": "i-0ce3768da8dc687f8",
            "instance_initiated_shutdown_behavior": null,
            "instance_state": "running",
            "instance_type": "t2.micro",
            "ipv6_address_count": 0,
            "ipv6_addresses": [],
            "key_name": "login-key",
            "metadata_options": [
              {
                "http_endpoint": "enabled",
                "http_put_response_hop_limit": 1,
                "http_tokens": "optional"
              }
            ],
            "monitoring": false,
            "network_interface": [],
            "network_interface_id": null,
            "outpost_arn": "",
            "password_data": "",
            "placement_group": "",
            "primary_network_interface_id": "eni-0f0600d3ee34ec677",
            "private_dns": "ip-10-0-138-101.ec2.internal",
            "private_ip": "10.0.138.101",
            "public_dns": "ec2-3-235-84-77.compute-1.amazonaws.com",
            "public_ip": "3.235.84.77",
            "root_block_device": [
              {
                "delete_on_termination": true,
                "device_name": "/dev/sda1",
                "encrypted": false,
                "iops": 100,
                "kms_key_id": "",
                "volume_id": "vol-0ae7230c70da20204",
                "volume_size": 8,
                "volume_type": "gp2"
              }
            ],
            "security_groups": [],
            "source_dest_check": true,
            "subnet_id": "subnet-0ff9f1590b205fd48",
            "tags": {
              "Name": "OpenshiftInstallUbuntu-0"
            },
            "tenancy": "default",
            "timeouts": null,
            "user_data": null,
            "user_data_base64": null,
            "volume_tags": {},
            "vpc_security_group_ids": [
              "sg-02683501ab4288e12"
            ]
          },
          "private": "eyJlMmJmYjczMC1lY2FhLTExZTYtOGY4OC0zNDM2M2JjN2M0YzAiOnsiY3JlYXRlIjo2MDAwMDAwMDAwMDAsImRlbGV0ZSI6MTIwMDAwMDAwMDAwMCwidXBkYXRlIjo2MDAwMDAwMDAwMDB9LCJzY2hlbWFfdmVyc2lvbiI6IjEifQ==",
          "dependencies": [
            "module.openshift_install.aws_key_pair.loginkey",
            "module.openshift_install.aws_subnet.terraform-subnet1",
            "module.openshift_install.aws_vpc.vpc-tf",
            "module.openshift_install.data.aws_ami.ubuntu"
          ]
        },
        {
          "index_key": 1,
          "schema_version": 1,
          "attributes": {
            "ami": "ami-013f17f36f8b1fefb",
            "arn": "arn:aws:ec2:us-east-1:970521514580:instance/i-00c29fcd1da543bba",
            "associate_public_ip_address": true,
            "availability_zone": "us-east-1d",
            "cpu_core_count": 1,
            "cpu_threads_per_core": 1,
            "credit_specification": [
              {
                "cpu_credits": "standard"
              }
            ],
            "disable_api_termination": false,
            "ebs_block_device": [],
            "ebs_optimized": false,
            "ephemeral_block_device": [],
            "get_password_data": false,
            "hibernation": false,
            "host_id": null,
            "iam_instance_profile": "",
            "id": "i-00c29fcd1da543bba",
            "instance_initiated_shutdown_behavior": null,
            "instance_state": "running",
            "instance_type": "t2.micro",
            "ipv6_address_count": 0,
            "ipv6_addresses": [],
            "key_name": "login-key",
            "metadata_options": [
              {
                "http_endpoint": "enabled",
                "http_put_response_hop_limit": 1,
                "http_tokens": "optional"
              }
            ],
            "monitoring": false,
            "network_interface": [],
            "network_interface_id": null,
            "outpost_arn": "",
            "password_data": "",
            "placement_group": "",
            "primary_network_interface_id": "eni-0910f8b22bddb0be4",
            "private_dns": "ip-10-0-201-113.ec2.internal",
            "private_ip": "10.0.201.113",
            "public_dns": "ec2-34-200-220-20.compute-1.amazonaws.com",
            "public_ip": "34.200.220.20",
            "root_block_device": [
              {
                "delete_on_termination": true,
                "device_name": "/dev/sda1",
                "encrypted": false,
                "iops": 100,
                "kms_key_id": "",
                "volume_id": "vol-05fdfd295a9aebe77",
                "volume_size": 8,
                "volume_type": "gp2"
              }
            ],
            "security_groups": [],
            "source_dest_check": true,
            "subnet_id": "subnet-0ff9f1590b205fd48",
            "tags": {
              "Name": "OpenshiftInstallUbuntu-1"
            },
            "tenancy": "default",
            "timeouts": null,
            "user_data": null,
            "user_data_base64": null,
            "volume_tags": {},
            "vpc_security_group_ids": [
              "sg-02683501ab4288e12"
            ]
          },
          "private": "eyJlMmJmYjczMC1lY2FhLTExZTYtOGY4OC0zNDM2M2JjN2M0YzAiOnsiY3JlYXRlIjo2MDAwMDAwMDAwMDAsImRlbGV0ZSI6MTIwMDAwMDAwMDAwMCwidXBkYXRlIjo2MDAwMDAwMDAwMDB9LCJzY2hlbWFfdmVyc2lvbiI6IjEifQ==",
          "dependencies": [
            "module.openshift_install.aws_key_pair.loginkey",
            "module.openshift_install.aws_subnet.terraform-subnet1",
            "module.openshift_install.aws_vpc.vpc-tf",
            "module.openshift_install.data.aws_ami.ubuntu"
          ]
        }
      ]
    },
    {
      "module": "module.openshift_install",
      "mode": "managed",
      "type": "aws_internet_gateway",
      "name": "igw-tf",
      "provider": "module.openshift_install.provider[\"registry.terraform.io/hashicorp/aws\"]",
      "instances": [
        {
          "schema_version": 0,
          "attributes": {
            "arn": "arn:aws:ec2:us-east-1:970521514580:internet-gateway/igw-061ac3def7b3af943",
            "id": "igw-061ac3def7b3af943",
            "owner_id": "970521514580",
            "tags": {
              "Name": "ipenshiftInstall-IGW0"
            },
            "vpc_id": "vpc-0f53d210d8b322d33"
          },
          "private": "bnVsbA==",
          "dependencies": [
            "module.openshift_install.aws_vpc.vpc-tf"
          ]
        }
      ]
    },
    {
      "module": "module.openshift_install",
      "mode": "managed",
      "type": "aws_key_pair",
      "name": "loginkey",
      "provider": "module.openshift_install.provider[\"registry.terraform.io/hashicorp/aws\"]",
      "instances": [
        {
          "schema_version": 1,
          "attributes": {
            "arn": "arn:aws:ec2:us-east-1:970521514580:key-pair/login-key",
            "fingerprint": "ee:56:a1:fc:ac:03:68:ef:52:4f:d3:27:f4:3c:6a:3b",
            "id": "login-key",
            "key_name": "login-key",
            "key_name_prefix": null,
            "key_pair_id": "key-0877ac6d2b7a0d4f6",
            "public_key": "ssh-rsa AAAAB3NzaC1yc2EAAAADAQABAAABAQDEn0nLxGBEmELuiN1hPVs5DoB9wQyAzdB8+JD8izfQMjLx5GWq2QlM5ARi9mkXzSbYXoJfrQLNWU7deknbpP+Qd5O0ieUmPUbBvxPfpmIY2B1Y33GYs9laKrVFnl0U/CrAtYvL4M67eV40jGK8HyGrd9ZlMcXSmIXjqMb57ydPOvY9DGjLAjNnxmPkRqtBjom7VpKyqwWYtoAkU6tm191V+ez1YfvPgilj+hk/nSMsYzeI2yzuQOyUA3tnvrJXQ913yeLCF0LznxZCgBn6WpmF5ZuNgBU61yBkHrkzW4BN2L1ornn9yPW98QZ8C7+2+x65w0aiYamZwM5rTSs732uJ aciadmin@ubuntu-jump",
            "tags": null
          },
          "private": "eyJzY2hlbWFfdmVyc2lvbiI6IjEifQ=="
        }
      ]
    },
    {
      "module": "module.openshift_install",
      "mode": "managed",
      "type": "aws_network_interface_sg_attachment",
      "name": "sg_attachment",
      "provider": "module.openshift_install.provider[\"registry.terraform.io/hashicorp/aws\"]",
      "instances": [
        {
          "index_key": 0,
          "schema_version": 0,
          "attributes": {
            "id": "sg-0bc000d4347205bda_eni-0f0600d3ee34ec677",
            "network_interface_id": "eni-0f0600d3ee34ec677",
            "security_group_id": "sg-0bc000d4347205bda"
          },
          "private": "bnVsbA==",
          "dependencies": [
            "module.openshift_install.aws_instance.sm-terraform1-ec2",
            "module.openshift_install.aws_key_pair.loginkey",
            "module.openshift_install.aws_security_group.allow_all",
            "module.openshift_install.aws_subnet.terraform-subnet1",
            "module.openshift_install.aws_vpc.vpc-tf",
            "module.openshift_install.data.aws_ami.ubuntu"
          ]
        },
        {
          "index_key": 1,
          "schema_version": 0,
          "attributes": {
            "id": "sg-0bc000d4347205bda_eni-0910f8b22bddb0be4",
            "network_interface_id": "eni-0910f8b22bddb0be4",
            "security_group_id": "sg-0bc000d4347205bda"
          },
          "private": "bnVsbA==",
          "dependencies": [
            "module.openshift_install.aws_instance.sm-terraform1-ec2",
            "module.openshift_install.aws_key_pair.loginkey",
            "module.openshift_install.aws_security_group.allow_all",
            "module.openshift_install.aws_subnet.terraform-subnet1",
            "module.openshift_install.aws_vpc.vpc-tf",
            "module.openshift_install.data.aws_ami.ubuntu"
          ]
        }
      ]
    },
    {
      "module": "module.openshift_install",
      "mode": "managed",
      "type": "aws_route",
      "name": "default_to_igw",
      "provider": "module.openshift_install.provider[\"registry.terraform.io/hashicorp/aws\"]",
      "instances": [
        {
          "schema_version": 0,
          "attributes": {
            "destination_cidr_block": "0.0.0.0/0",
            "destination_ipv6_cidr_block": "",
            "destination_prefix_list_id": "",
            "egress_only_gateway_id": "",
            "gateway_id": "igw-061ac3def7b3af943",
            "id": "r-rtb-00ed0b4dc3532bd2b1080289494",
            "instance_id": "",
            "instance_owner_id": "",
            "nat_gateway_id": "",
            "network_interface_id": "",
            "origin": "CreateRoute",
            "route_table_id": "rtb-00ed0b4dc3532bd2b",
            "state": "active",
            "timeouts": null,
            "transit_gateway_id": "",
            "vpc_peering_connection_id": ""
          },
          "private": "eyJlMmJmYjczMC1lY2FhLTExZTYtOGY4OC0zNDM2M2JjN2M0YzAiOnsiY3JlYXRlIjoxMjAwMDAwMDAwMDAsImRlbGV0ZSI6MzAwMDAwMDAwMDAwfX0=",
          "dependencies": [
            "module.openshift_install.aws_internet_gateway.igw-tf",
            "module.openshift_install.aws_vpc.vpc-tf"
          ]
        }
      ]
    },
    {
      "module": "module.openshift_install",
      "mode": "managed",
      "type": "aws_security_group",
      "name": "allow_all",
      "provider": "module.openshift_install.provider[\"registry.terraform.io/hashicorp/aws\"]",
      "instances": [
        {
          "schema_version": 1,
          "attributes": {
            "arn": "arn:aws:ec2:us-east-1:970521514580:security-group/sg-0bc000d4347205bda",
            "description": "Allow all inbound traffic",
            "egress": [],
            "id": "sg-0bc000d4347205bda",
            "ingress": [
              {
                "cidr_blocks": [
                  "0.0.0.0/0"
                ],
                "description": "All Traffic Inbound",
                "from_port": 0,
                "ipv6_cidr_blocks": [],
                "prefix_list_ids": [],
                "protocol": "-1",
                "security_groups": [],
                "self": false,
                "to_port": 0
              }
            ],
            "name": "allow_all-sgroup",
            "name_prefix": null,
            "owner_id": "970521514580",
            "revoke_rules_on_delete": false,
            "tags": {
              "Name": "openshiftInstall-subnet-name"
            },
            "timeouts": null,
            "vpc_id": "vpc-0f53d210d8b322d33"
          },
          "private": "eyJlMmJmYjczMC1lY2FhLTExZTYtOGY4OC0zNDM2M2JjN2M0YzAiOnsiY3JlYXRlIjo2MDAwMDAwMDAwMDAsImRlbGV0ZSI6NjAwMDAwMDAwMDAwfSwic2NoZW1hX3ZlcnNpb24iOiIxIn0=",
          "dependencies": [
            "module.openshift_install.aws_vpc.vpc-tf"
          ]
        }
      ]
    },
    {
      "module": "module.openshift_install",
      "mode": "managed",
      "type": "aws_subnet",
      "name": "terraform-subnet1",
      "provider": "module.openshift_install.provider[\"registry.terraform.io/hashicorp/aws\"]",
      "instances": [
        {
          "schema_version": 1,
          "attributes": {
            "arn": "arn:aws:ec2:us-east-1:970521514580:subnet/subnet-0ff9f1590b205fd48",
            "assign_ipv6_address_on_creation": false,
            "availability_zone": "us-east-1d",
            "availability_zone_id": "use1-az1",
            "cidr_block": "10.0.0.0/16",
            "id": "subnet-0ff9f1590b205fd48",
            "ipv6_cidr_block": "",
            "ipv6_cidr_block_association_id": "",
            "map_public_ip_on_launch": false,
            "outpost_arn": "",
            "owner_id": "970521514580",
            "tags": {
              "Name": "OpenshiftInstall-subnet"
            },
            "timeouts": null,
            "vpc_id": "vpc-0f53d210d8b322d33"
          },
          "private": "eyJlMmJmYjczMC1lY2FhLTExZTYtOGY4OC0zNDM2M2JjN2M0YzAiOnsiY3JlYXRlIjo2MDAwMDAwMDAwMDAsImRlbGV0ZSI6MTIwMDAwMDAwMDAwMH0sInNjaGVtYV92ZXJzaW9uIjoiMSJ9",
          "dependencies": [
            "module.openshift_install.aws_vpc.vpc-tf"
          ]
        }
      ]
    },
    {
      "module": "module.openshift_install",
      "mode": "managed",
      "type": "aws_vpc",
      "name": "vpc-tf",
      "provider": "module.openshift_install.provider[\"registry.terraform.io/hashicorp/aws\"]",
      "instances": [
        {
          "schema_version": 1,
          "attributes": {
            "arn": "arn:aws:ec2:us-east-1:970521514580:vpc/vpc-0f53d210d8b322d33",
            "assign_generated_ipv6_cidr_block": false,
            "cidr_block": "10.0.0.0/16",
            "default_network_acl_id": "acl-075c317f5371e32ef",
            "default_route_table_id": "rtb-00ed0b4dc3532bd2b",
            "default_security_group_id": "sg-02683501ab4288e12",
            "dhcp_options_id": "dopt-bad764c0",
            "enable_classiclink": false,
            "enable_classiclink_dns_support": false,
            "enable_dns_hostnames": true,
            "enable_dns_support": true,
            "id": "vpc-0f53d210d8b322d33",
            "instance_tenancy": "default",
            "ipv6_association_id": "",
            "ipv6_cidr_block": "",
            "main_route_table_id": "rtb-00ed0b4dc3532bd2b",
            "owner_id": "970521514580",
            "tags": {
              "Name": "openshiftInstall-vpc"
            }
          },
          "private": "eyJzY2hlbWFfdmVyc2lvbiI6IjEifQ=="
        }
      ]
    },
    {
      "module": "module.openshift_install",
      "mode": "managed",
      "type": "null_resource",
      "name": "dpkg",
      "provider": "provider[\"registry.terraform.io/hashicorp/null\"]",
      "instances": [
        {
          "index_key": 0,
          "schema_version": 0,
          "attributes": {
            "id": "4713588465265181530",
            "triggers": {
              "build_number": "2021-03-02T05:06:20Z"
            }
          },
          "private": "bnVsbA==",
          "dependencies": [
            "module.openshift_install.aws_instance.sm-terraform1-ec2",
            "module.openshift_install.aws_key_pair.loginkey",
            "module.openshift_install.aws_subnet.terraform-subnet1",
            "module.openshift_install.aws_vpc.vpc-tf",
            "module.openshift_install.data.aws_ami.ubuntu",
            "module.openshift_install.null_resource.scp",
            "module.openshift_install.null_resource.waitTime1",
            "module.openshift_install.null_resource.waitTime3",
            "module.openshift_install.null_resource.waitTime4"
          ]
        },
        {
          "index_key": 1,
          "schema_version": 0,
          "attributes": {
            "id": "9052220125408799812",
            "triggers": {
              "build_number": "2021-03-02T05:06:20Z"
            }
          },
          "private": "bnVsbA==",
          "dependencies": [
            "module.openshift_install.aws_instance.sm-terraform1-ec2",
            "module.openshift_install.aws_key_pair.loginkey",
            "module.openshift_install.aws_subnet.terraform-subnet1",
            "module.openshift_install.aws_vpc.vpc-tf",
            "module.openshift_install.data.aws_ami.ubuntu",
            "module.openshift_install.null_resource.scp",
            "module.openshift_install.null_resource.waitTime1",
            "module.openshift_install.null_resource.waitTime3",
            "module.openshift_install.null_resource.waitTime4"
          ]
        }
      ]
    },
    {
      "module": "module.openshift_install",
      "mode": "managed",
      "type": "null_resource",
      "name": "scp",
      "provider": "provider[\"registry.terraform.io/hashicorp/null\"]",
      "instances": [
        {
          "index_key": 0,
          "schema_version": 0,
          "attributes": {
            "id": "8795318807988364150",
            "triggers": {
              "build_number": "2021-03-02T05:02:18Z"
            }
          },
          "private": "bnVsbA==",
          "dependencies": [
            "module.openshift_install.aws_instance.sm-terraform1-ec2",
            "module.openshift_install.aws_key_pair.loginkey",
            "module.openshift_install.aws_subnet.terraform-subnet1",
            "module.openshift_install.aws_vpc.vpc-tf",
            "module.openshift_install.data.aws_ami.ubuntu",
            "module.openshift_install.null_resource.waitTime1"
          ]
        },
        {
          "index_key": 1,
          "schema_version": 0,
          "attributes": {
            "id": "4792606094888461884",
            "triggers": {
              "build_number": "2021-03-02T05:02:18Z"
            }
          },
          "private": "bnVsbA==",
          "dependencies": [
            "module.openshift_install.aws_instance.sm-terraform1-ec2",
            "module.openshift_install.aws_key_pair.loginkey",
            "module.openshift_install.aws_subnet.terraform-subnet1",
            "module.openshift_install.aws_vpc.vpc-tf",
            "module.openshift_install.data.aws_ami.ubuntu",
            "module.openshift_install.null_resource.waitTime1"
          ]
        }
      ]
    },
    {
      "module": "module.openshift_install",
      "mode": "managed",
      "type": "null_resource",
      "name": "update",
      "provider": "provider[\"registry.terraform.io/hashicorp/null\"]",
      "instances": [
        {
          "index_key": 0,
          "schema_version": 0,
          "attributes": {
            "id": "2364131043611313631",
            "triggers": {
              "build_number": "2021-03-02T05:02:50Z"
            }
          },
          "private": "bnVsbA==",
          "dependencies": [
            "module.openshift_install.aws_instance.sm-terraform1-ec2",
            "module.openshift_install.aws_key_pair.loginkey",
            "module.openshift_install.aws_subnet.terraform-subnet1",
            "module.openshift_install.aws_vpc.vpc-tf",
            "module.openshift_install.data.aws_ami.ubuntu",
            "module.openshift_install.null_resource.scp",
            "module.openshift_install.null_resource.waitTime1",
            "module.openshift_install.null_resource.waitTime2"
          ]
        },
        {
          "index_key": 1,
          "schema_version": 0,
          "attributes": {
            "id": "3442006815235580204",
            "triggers": {
              "build_number": "2021-03-02T05:02:50Z"
            }
          },
          "private": "bnVsbA==",
          "dependencies": [
            "module.openshift_install.aws_instance.sm-terraform1-ec2",
            "module.openshift_install.aws_key_pair.loginkey",
            "module.openshift_install.aws_subnet.terraform-subnet1",
            "module.openshift_install.aws_vpc.vpc-tf",
            "module.openshift_install.data.aws_ami.ubuntu",
            "module.openshift_install.null_resource.scp",
            "module.openshift_install.null_resource.waitTime1",
            "module.openshift_install.null_resource.waitTime2"
          ]
        }
      ]
    },
    {
      "module": "module.openshift_install",
      "mode": "managed",
      "type": "null_resource",
      "name": "waitTime1",
      "provider": "provider[\"registry.terraform.io/hashicorp/null\"]",
      "instances": [
        {
          "schema_version": 0,
          "attributes": {
            "id": "3066970767371874497",
            "triggers": null
          },
          "private": "bnVsbA==",
          "dependencies": [
            "module.openshift_install.aws_instance.sm-terraform1-ec2",
            "module.openshift_install.aws_key_pair.loginkey",
            "module.openshift_install.aws_subnet.terraform-subnet1",
            "module.openshift_install.aws_vpc.vpc-tf",
            "module.openshift_install.data.aws_ami.ubuntu"
          ]
        }
      ]
    },
    {
      "module": "module.openshift_install",
      "mode": "managed",
      "type": "null_resource",
      "name": "waitTime2",
      "provider": "provider[\"registry.terraform.io/hashicorp/null\"]",
      "instances": [
        {
          "schema_version": 0,
          "attributes": {
            "id": "3388720706115103155",
            "triggers": null
          },
          "private": "bnVsbA==",
          "dependencies": [
            "module.openshift_install.aws_instance.sm-terraform1-ec2",
            "module.openshift_install.aws_key_pair.loginkey",
            "module.openshift_install.aws_subnet.terraform-subnet1",
            "module.openshift_install.aws_vpc.vpc-tf",
            "module.openshift_install.data.aws_ami.ubuntu",
            "module.openshift_install.null_resource.scp",
            "module.openshift_install.null_resource.waitTime1"
          ]
        }
      ]
    },
    {
      "module": "module.openshift_install",
      "mode": "managed",
      "type": "null_resource",
      "name": "waitTime3",
      "provider": "provider[\"registry.terraform.io/hashicorp/null\"]",
      "instances": [
        {
          "schema_version": 0,
          "attributes": {
            "id": "8937685106180344779",
            "triggers": null
          },
          "private": "bnVsbA==",
          "dependencies": [
            "module.openshift_install.aws_instance.sm-terraform1-ec2",
            "module.openshift_install.aws_key_pair.loginkey",
            "module.openshift_install.aws_subnet.terraform-subnet1",
            "module.openshift_install.aws_vpc.vpc-tf",
            "module.openshift_install.data.aws_ami.ubuntu",
            "module.openshift_install.null_resource.scp",
            "module.openshift_install.null_resource.waitTime1"
          ]
        }
      ]
    },
    {
      "module": "module.openshift_install",
      "mode": "managed",
      "type": "null_resource",
      "name": "waitTime4",
      "provider": "provider[\"registry.terraform.io/hashicorp/null\"]",
      "instances": [
        {
          "schema_version": 0,
          "attributes": {
            "id": "1631857953604864087",
            "triggers": null
          },
          "private": "bnVsbA==",
          "dependencies": [
            "module.openshift_install.aws_instance.sm-terraform1-ec2",
            "module.openshift_install.aws_key_pair.loginkey",
            "module.openshift_install.aws_subnet.terraform-subnet1",
            "module.openshift_install.aws_vpc.vpc-tf",
            "module.openshift_install.data.aws_ami.ubuntu",
            "module.openshift_install.null_resource.scp",
            "module.openshift_install.null_resource.waitTime1",
            "module.openshift_install.null_resource.waitTime3"
          ]
        }
      ]
    }
  ]
}
